
Microsoft Visual Studio Solution File, Format Version 12.00
# Visual Studio 2013
VisualStudioVersion = 12.0.30723.0
MinimumVisualStudioVersion = 10.0.40219.1
Project("{FAE04EC0-301F-11D3-BF4B-00C04F79EFBC}") = "soapclient", "soapclient\soapclient.csproj", "{EE42DCF1-DB8A-415A-9C56-37026E6B50D5}"
EndProject
Project("{FAE04EC0-301F-11D3-BF4B-00C04F79EFBC}") = "ViewModel", "ViewModel\ViewModel.csproj", "{6DCAD051-DDCE-4994-B4D7-F806DF3922C1}"
EndProject
Project("{FAE04EC0-301F-11D3-BF4B-00C04F79EFBC}") = "SOAP", "SOAP\SOAP.csproj", "{3300B71E-EF9C-484C-859B-ED4D38EC59AF}"
EndProject
Global
	GlobalSection(SolutionConfigurationPlatforms) = preSolution
		Debug|Any CPU = Debug|Any CPU
		Release|Any CPU = Release|Any CPU
	EndGlobalSection
	GlobalSection(ProjectConfigurationPlatforms) = postSolution
		{EE42DCF1-DB8A-415A-9C56-37026E6B50D5}.Debug|Any CPU.ActiveCfg = Debug|Any CPU
		{EE42DCF1-DB8A-415A-9C56-37026E6B50D5}.Debug|Any CPU.Build.0 = Debug|Any CPU
		{EE42DCF1-DB8A-415A-9C56-37026E6B50D5}.Release|Any CPU.ActiveCfg = Release|Any CPU
		{EE42DCF1-DB8A-415A-9C56-37026E6B50D5}.Release|Any CPU.Build.0 = Release|Any CPU
		{6DCAD051-DDCE-4994-B4D7-F806DF3922C1}.Debug|Any CPU.ActiveCfg = Debug|Any CPU
		{6DCAD051-DDCE-4994-B4D7-F806DF3922C1}.Debug|Any CPU.Build.0 = Debug|Any CPU
		{6DCAD051-DDCE-4994-B4D7-F806DF3922C1}.Release|Any CPU.ActiveCfg = Release|Any CPU
		{6DCAD051-DDCE-4994-B4D7-F806DF3922C1}.Release|Any CPU.Build.0 = Release|Any CPU
		{3300B71E-EF9C-484C-859B-ED4D38EC59AF}.Debug|Any CPU.ActiveCfg = Debug|Any CPU
		{3300B71E-EF9C-484C-859B-ED4D38EC59AF}.Debug|Any CPU.Build.0 = Debug|Any CPU
		{3300B71E-EF9C-484C-859B-ED4D38EC59AF}.Release|Any CPU.ActiveCfg = Release|Any CPU
		{3300B71E-EF9C-484C-859B-ED4D38EC59AF}.Release|Any CPU.Build.0 = Release|Any CPU
	EndGlobalSection
	GlobalSection(SolutionProperties) = preSolution
		HideSolutionNode = FALSE
	EndGlobalSection
EndGlobal
